{
  "nodes": {
    "elisp-helpers": {
      "flake": false,
      "locked": {
        "lastModified": 1673163170,
        "narHash": "sha256-U3bnpSxDAnIBY+dx0sllDYD1juY6hwr3MLjytHtX1i4=",
        "owner": "emacs-twist",
        "repo": "elisp-helpers",
        "rev": "41def8036edd13f94089f55e999c754df81de660",
        "type": "github"
      },
      "original": {
        "owner": "emacs-twist",
        "repo": "elisp-helpers",
        "type": "github"
      }
    },
    "elsa": {
      "flake": false,
      "locked": {
        "lastModified": 1645647680,
        "narHash": "sha256-uEX4T4VAIBiiSUfLXko/mxOghlz794GgVfD21jqJ3F0=",
        "owner": "emacs-elsa",
        "repo": "Elsa",
        "rev": "21ed4f46e2d02ffb48b3ae377b0c93732ccf3f4f",
        "type": "github"
      },
      "original": {
        "owner": "emacs-elsa",
        "repo": "Elsa",
        "type": "github"
      }
    },
    "emacs": {
      "flake": false,
      "locked": {
        "lastModified": 1673202257,
        "narHash": "sha256-8uX949ulVIQYIe0yX++sEookZ2P/Z5Tx4/p6uUC2fLw=",
        "owner": "emacs-mirror",
        "repo": "emacs",
        "rev": "ec105a45c9f8b56ade9e76324960a726eaf24038",
        "type": "github"
      },
      "original": {
        "owner": "emacs-mirror",
        "repo": "emacs",
        "type": "github"
      }
    },
    "emacs-ci": {
      "flake": false,
      "locked": {
        "lastModified": 1672942330,
        "narHash": "sha256-Qv3y7Sih5LUXXCYZ+nPAmh9+iuFoAKDNtmLhOkUfXzw=",
        "owner": "purcell",
        "repo": "nix-emacs-ci",
        "rev": "374e9af262322f8386d3a77b05fcadc96bfb7339",
        "type": "github"
      },
      "original": {
        "owner": "purcell",
        "repo": "nix-emacs-ci",
        "type": "github"
      }
    },
    "epkgs": {
      "flake": false,
      "locked": {
        "lastModified": 1673277275,
        "narHash": "sha256-Ni1cWE/g9SzqlVyzw4qAMl9i7K2GIvGxUm2LCcdHe1g=",
        "owner": "emacsmirror",
        "repo": "epkgs",
        "rev": "1dc03495b8c7627921399015d00149af513d95b6",
        "type": "github"
      },
      "original": {
        "owner": "emacsmirror",
        "repo": "epkgs",
        "type": "github"
      }
    },
    "flake-utils": {
      "locked": {
        "lastModified": 1667395993,
        "narHash": "sha256-nuEHfE/LcWyuSWnS8t12N1wc105Qtau+/OdUAjtQ0rA=",
        "owner": "numtide",
        "repo": "flake-utils",
        "rev": "5aed5285a952e0b949eb3ba02c12fa4fcfef535f",
        "type": "github"
      },
      "original": {
        "owner": "numtide",
        "repo": "flake-utils",
        "type": "github"
      }
    },
    "fromElisp": {
      "flake": false,
      "locked": {
        "lastModified": 1649625973,
        "narHash": "sha256-y/7IsibjBGY3uUN9K/VMKPTVAbgsV0Xdi8Hnv6Nq76E=",
        "owner": "talyz",
        "repo": "fromElisp",
        "rev": "edd1301d1fc35440ae6c918ca92039233e3d770f",
        "type": "github"
      },
      "original": {
        "owner": "talyz",
        "repo": "fromElisp",
        "type": "github"
      }
    },
    "gitignore": {
      "inputs": {
        "nixpkgs": [
          "nomake",
          "nixpkgs"
        ]
      },
      "locked": {
        "lastModified": 1660459072,
        "narHash": "sha256-8DFJjXG8zqoONA1vXtgeKXy68KdJL5UaXR8NtVMUbx8=",
        "owner": "hercules-ci",
        "repo": "gitignore.nix",
        "rev": "a20de23b925fd8264fd7fad6454652e142fd7f73",
        "type": "github"
      },
      "original": {
        "owner": "hercules-ci",
        "repo": "gitignore.nix",
        "type": "github"
      }
    },
    "gnu-elpa": {
      "flake": false,
      "locked": {
        "lastModified": 1672753584,
        "narHash": "sha256-4jfzEeh3XJCp0B8mvV4rzELASxeHkMjFHDDLwkoYKJc=",
        "ref": "main",
        "rev": "7dee6970794c0850bc0409f950abf7950ef365a7",
        "revCount": 478,
        "type": "git",
        "url": "https://git.savannah.gnu.org/git/emacs/elpa.git"
      },
      "original": {
        "ref": "main",
        "type": "git",
        "url": "https://git.savannah.gnu.org/git/emacs/elpa.git"
      }
    },
    "melpa": {
      "flake": false,
      "locked": {
        "lastModified": 1673344623,
        "narHash": "sha256-JQEO9H1YwJ5hwzfu0nh3eVbyMcve2oSZHgj0o3TBBeI=",
        "owner": "akirak",
        "repo": "melpa",
        "rev": "3e54b7388ad5d548a7def0ad31dce1246d85eab9",
        "type": "github"
      },
      "original": {
        "owner": "akirak",
        "ref": "lean4-mode",
        "repo": "melpa",
        "type": "github"
      }
    },
    "nixpkgs": {
      "locked": {
        "lastModified": 0,
        "narHash": "sha256-Ctij+dOi0ZZIfX5eMhgwugfvB+WZSrvVNAyAuANOsnQ=",
        "path": "/nix/store/m2vv0bxfchzrjngx8wi0i7dhzb9q2g50-source",
        "type": "path"
      },
      "original": {
        "id": "nixpkgs",
        "type": "indirect"
      }
    },
    "nomake": {
      "inputs": {
        "elsa": "elsa",
        "emacs": [
          "emacs"
        ],
        "emacs-ci": "emacs-ci",
        "epkgs": [
          "epkgs"
        ],
        "flake-utils": "flake-utils",
        "gitignore": "gitignore",
        "gnu-elpa": [
          "gnu-elpa"
        ],
        "melpa": [
          "melpa"
        ],
        "nixpkgs": "nixpkgs",
        "package-lint": "package-lint",
        "twist": "twist"
      },
      "locked": {
        "lastModified": 1673243828,
        "narHash": "sha256-0hyROZFfFcSy2XYGMQiD+QS/8+V2Y7A5UHoPmF+yNpw=",
        "owner": "emacs-twist",
        "repo": "nomake",
        "rev": "274507fb43103251a26b03eb170fc3d6aa369bdf",
        "type": "github"
      },
      "original": {
        "owner": "emacs-twist",
        "repo": "nomake",
        "type": "github"
      }
    },
    "package-lint": {
      "flake": false,
      "locked": {
        "lastModified": 1664814981,
        "narHash": "sha256-5uza8wm6XKZUnLTp+vLOInTfUnGVGTWF4Dl0b8a72mA=",
        "owner": "purcell",
        "repo": "package-lint",
        "rev": "4ea8318c1bf79ccb1b4658d58917bbd9f990c432",
        "type": "github"
      },
      "original": {
        "owner": "purcell",
        "repo": "package-lint",
        "type": "github"
      }
    },
    "root": {
      "inputs": {
        "emacs": "emacs",
        "epkgs": "epkgs",
        "gnu-elpa": "gnu-elpa",
        "melpa": "melpa",
        "nomake": "nomake"
      }
    },
    "twist": {
      "inputs": {
        "elisp-helpers": "elisp-helpers",
        "fromElisp": "fromElisp"
      },
      "locked": {
        "lastModified": 1673242285,
        "narHash": "sha256-wLRJmRWuabtkZY1H/xgkx02qqcFxkv+tQIBMu+AJP+g=",
        "owner": "emacs-twist",
        "repo": "twist.nix",
        "rev": "06be9b14d92f3b1dc712ea143baeb3a2d838dfb5",
        "type": "github"
      },
      "original": {
        "owner": "emacs-twist",
        "repo": "twist.nix",
        "type": "github"
      }
    }
  },
  "root": "root",
  "version": 7
}
